
Microsoft Visual Studio Solution File, Format Version 12.00
# Visual Studio Version 17
VisualStudioVersion = 17.2.32519.379
MinimumVisualStudioVersion = 10.0.40219.1
Project("{FAE04EC0-301F-11D3-BF4B-00C04F79EFBC}") = "Log4Net", "Log4Net\Log4Net.csproj", "{C60F79B0-E65A-4C45-8803-967CB694142D}"
EndProject
Global
	GlobalSection(SolutionConfigurationPlatforms) = preSolution
		Debug|Any CPU = Debug|Any CPU
		Release|Any CPU = Release|Any CPU
	EndGlobalSection
	GlobalSection(ProjectConfigurationPlatforms) = postSolution
		{C60F79B0-E65A-4C45-8803-967CB694142D}.Debug|Any CPU.ActiveCfg = Debug|Any CPU
		{C60F79B0-E65A-4C45-8803-967CB694142D}.Debug|Any CPU.Build.0 = Debug|Any CPU
		{C60F79B0-E65A-4C45-8803-967CB694142D}.Release|Any CPU.ActiveCfg = Release|Any CPU
		{C60F79B0-E65A-4C45-8803-967CB694142D}.Release|Any CPU.Build.0 = Release|Any CPU
	EndGlobalSection
	GlobalSection(SolutionProperties) = preSolution
		HideSolutionNode = FALSE
	EndGlobalSection
	GlobalSection(ExtensibilityGlobals) = postSolution
		SolutionGuid = {FACD9C87-2B33-4AC0-87E9-2CA822F54228}
	EndGlobalSection
EndGlobal
